
Microsoft Visual Studio Solution File, Format Version 12.00
# Visual Studio Version 16
VisualStudioVersion = 16.0.30621.155
MinimumVisualStudioVersion = 10.0.40219.1
Project("{9A19103F-16F7-4668-BE54-9A1E7A4F7556}") = "Bank-account-kata", "Bank-account-kata.csproj", "{45BC998D-14FC-4437-A634-CCCD8A3BC876}"
EndProject
Project("{9A19103F-16F7-4668-BE54-9A1E7A4F7556}") = "Tests", "..\Tests\Tests.csproj", "{F8688FD1-78C5-447B-B62C-CC02AEF3078F}"
EndProject
Project("{9A19103F-16F7-4668-BE54-9A1E7A4F7556}") = "BankAccount.Data", "..\BankAccount.Data\BankAccount.Data.csproj", "{6E83E9E0-4B3F-4AAA-8A2A-513677222E16}"
EndProject
Project("{9A19103F-16F7-4668-BE54-9A1E7A4F7556}") = "BankAccount.Domain", "..\BankAccount.Domain\BankAccount.Domain.csproj", "{3F8B93BC-A52A-42B5-B22F-22B699673166}"
EndProject
Global
	GlobalSection(SolutionConfigurationPlatforms) = preSolution
		Debug|Any CPU = Debug|Any CPU
		Release|Any CPU = Release|Any CPU
	EndGlobalSection
	GlobalSection(ProjectConfigurationPlatforms) = postSolution
		{45BC998D-14FC-4437-A634-CCCD8A3BC876}.Debug|Any CPU.ActiveCfg = Debug|Any CPU
		{45BC998D-14FC-4437-A634-CCCD8A3BC876}.Debug|Any CPU.Build.0 = Debug|Any CPU
		{45BC998D-14FC-4437-A634-CCCD8A3BC876}.Release|Any CPU.ActiveCfg = Release|Any CPU
		{45BC998D-14FC-4437-A634-CCCD8A3BC876}.Release|Any CPU.Build.0 = Release|Any CPU
		{F8688FD1-78C5-447B-B62C-CC02AEF3078F}.Debug|Any CPU.ActiveCfg = Debug|Any CPU
		{F8688FD1-78C5-447B-B62C-CC02AEF3078F}.Debug|Any CPU.Build.0 = Debug|Any CPU
		{F8688FD1-78C5-447B-B62C-CC02AEF3078F}.Release|Any CPU.ActiveCfg = Release|Any CPU
		{F8688FD1-78C5-447B-B62C-CC02AEF3078F}.Release|Any CPU.Build.0 = Release|Any CPU
		{6E83E9E0-4B3F-4AAA-8A2A-513677222E16}.Debug|Any CPU.ActiveCfg = Debug|Any CPU
		{6E83E9E0-4B3F-4AAA-8A2A-513677222E16}.Debug|Any CPU.Build.0 = Debug|Any CPU
		{6E83E9E0-4B3F-4AAA-8A2A-513677222E16}.Release|Any CPU.ActiveCfg = Release|Any CPU
		{6E83E9E0-4B3F-4AAA-8A2A-513677222E16}.Release|Any CPU.Build.0 = Release|Any CPU
		{3F8B93BC-A52A-42B5-B22F-22B699673166}.Debug|Any CPU.ActiveCfg = Debug|Any CPU
		{3F8B93BC-A52A-42B5-B22F-22B699673166}.Debug|Any CPU.Build.0 = Debug|Any CPU
		{3F8B93BC-A52A-42B5-B22F-22B699673166}.Release|Any CPU.ActiveCfg = Release|Any CPU
		{3F8B93BC-A52A-42B5-B22F-22B699673166}.Release|Any CPU.Build.0 = Release|Any CPU
	EndGlobalSection
	GlobalSection(SolutionProperties) = preSolution
		HideSolutionNode = FALSE
	EndGlobalSection
	GlobalSection(ExtensibilityGlobals) = postSolution
		SolutionGuid = {E2078D99-58C3-450A-BA5D-41618F09AE97}
	EndGlobalSection
EndGlobal
